
Microsoft Visual Studio Solution File, Format Version 12.00
# Visual Studio Version 17
VisualStudioVersion = 17.11.35312.102
MinimumVisualStudioVersion = 10.0.40219.1
Project("{9A19103F-16F7-4668-BE54-9A1E7A4F7556}") = "WLib.Util", "WLib.Util\WLib.Util.csproj", "{40286452-1991-425D-A7D2-B727D174AAF8}"
EndProject
Project("{9A19103F-16F7-4668-BE54-9A1E7A4F7556}") = "WLib.Config", "WLib.Config\WLib.Config.csproj", "{7A569C83-D42C-446C-AFAC-EB1579CB39CA}"
EndProject
Project("{9A19103F-16F7-4668-BE54-9A1E7A4F7556}") = "WLib.Test", "WLib.Test\WLib.Test.csproj", "{DE17B66A-8FF8-43F7-9342-4FC46373CA72}"
EndProject
Project("{9A19103F-16F7-4668-BE54-9A1E7A4F7556}") = "WLib.ReportBuilder", "WLib.ReportBuilder\WLib.ReportBuilder.csproj", "{95B8E491-4C6F-4488-A8AF-200C03DBA503}"
EndProject
Project("{9A19103F-16F7-4668-BE54-9A1E7A4F7556}") = "WLib.BlazorDemo", "WLib.BlazorDemo\WLib.BlazorDemo\WLib.BlazorDemo.csproj", "{6FBBA319-9FB0-4FB4-9B6C-6178779C8309}"
EndProject
Project("{9A19103F-16F7-4668-BE54-9A1E7A4F7556}") = "WLib.BlazorDemo.Client", "WLib.BlazorDemo\WLib.BlazorDemo.Client\WLib.BlazorDemo.Client.csproj", "{160764A4-5961-495B-9105-C446FF509C3B}"
EndProject
Project("{FAE04EC0-301F-11D3-BF4B-00C04F79EFBC}") = "Wazorize", "Wazorize\Wazorize.csproj", "{2E2644A1-F03A-46EF-B67F-C509694FB8AA}"
EndProject
Global
	GlobalSection(SolutionConfigurationPlatforms) = preSolution
		Debug|Any CPU = Debug|Any CPU
		Release|Any CPU = Release|Any CPU
	EndGlobalSection
	GlobalSection(ProjectConfigurationPlatforms) = postSolution
		{40286452-1991-425D-A7D2-B727D174AAF8}.Debug|Any CPU.ActiveCfg = Debug|Any CPU
		{40286452-1991-425D-A7D2-B727D174AAF8}.Debug|Any CPU.Build.0 = Debug|Any CPU
		{40286452-1991-425D-A7D2-B727D174AAF8}.Release|Any CPU.ActiveCfg = Release|Any CPU
		{40286452-1991-425D-A7D2-B727D174AAF8}.Release|Any CPU.Build.0 = Release|Any CPU
		{7A569C83-D42C-446C-AFAC-EB1579CB39CA}.Debug|Any CPU.ActiveCfg = Debug|Any CPU
		{7A569C83-D42C-446C-AFAC-EB1579CB39CA}.Debug|Any CPU.Build.0 = Debug|Any CPU
		{7A569C83-D42C-446C-AFAC-EB1579CB39CA}.Release|Any CPU.ActiveCfg = Release|Any CPU
		{7A569C83-D42C-446C-AFAC-EB1579CB39CA}.Release|Any CPU.Build.0 = Release|Any CPU
		{DE17B66A-8FF8-43F7-9342-4FC46373CA72}.Debug|Any CPU.ActiveCfg = Debug|Any CPU
		{DE17B66A-8FF8-43F7-9342-4FC46373CA72}.Debug|Any CPU.Build.0 = Debug|Any CPU
		{DE17B66A-8FF8-43F7-9342-4FC46373CA72}.Release|Any CPU.ActiveCfg = Release|Any CPU
		{DE17B66A-8FF8-43F7-9342-4FC46373CA72}.Release|Any CPU.Build.0 = Release|Any CPU
		{95B8E491-4C6F-4488-A8AF-200C03DBA503}.Debug|Any CPU.ActiveCfg = Debug|Any CPU
		{95B8E491-4C6F-4488-A8AF-200C03DBA503}.Debug|Any CPU.Build.0 = Debug|Any CPU
		{95B8E491-4C6F-4488-A8AF-200C03DBA503}.Release|Any CPU.ActiveCfg = Release|Any CPU
		{95B8E491-4C6F-4488-A8AF-200C03DBA503}.Release|Any CPU.Build.0 = Release|Any CPU
		{6FBBA319-9FB0-4FB4-9B6C-6178779C8309}.Debug|Any CPU.ActiveCfg = Debug|Any CPU
		{6FBBA319-9FB0-4FB4-9B6C-6178779C8309}.Debug|Any CPU.Build.0 = Debug|Any CPU
		{6FBBA319-9FB0-4FB4-9B6C-6178779C8309}.Release|Any CPU.ActiveCfg = Release|Any CPU
		{6FBBA319-9FB0-4FB4-9B6C-6178779C8309}.Release|Any CPU.Build.0 = Release|Any CPU
		{160764A4-5961-495B-9105-C446FF509C3B}.Debug|Any CPU.ActiveCfg = Debug|Any CPU
		{160764A4-5961-495B-9105-C446FF509C3B}.Debug|Any CPU.Build.0 = Debug|Any CPU
		{160764A4-5961-495B-9105-C446FF509C3B}.Release|Any CPU.ActiveCfg = Release|Any CPU
		{160764A4-5961-495B-9105-C446FF509C3B}.Release|Any CPU.Build.0 = Release|Any CPU
		{2E2644A1-F03A-46EF-B67F-C509694FB8AA}.Debug|Any CPU.ActiveCfg = Debug|Any CPU
		{2E2644A1-F03A-46EF-B67F-C509694FB8AA}.Debug|Any CPU.Build.0 = Debug|Any CPU
		{2E2644A1-F03A-46EF-B67F-C509694FB8AA}.Release|Any CPU.ActiveCfg = Release|Any CPU
		{2E2644A1-F03A-46EF-B67F-C509694FB8AA}.Release|Any CPU.Build.0 = Release|Any CPU
	EndGlobalSection
	GlobalSection(SolutionProperties) = preSolution
		HideSolutionNode = FALSE
	EndGlobalSection
	GlobalSection(ExtensibilityGlobals) = postSolution
		SolutionGuid = {FC47F2BE-01A1-4994-95E7-04C4424198A6}
	EndGlobalSection
EndGlobal
